
Microsoft Visual Studio Solution File, Format Version 12.00
# Visual Studio Version 16
VisualStudioVersion = 16.0.31205.134
MinimumVisualStudioVersion = 10.0.40219.1
Project("{888888A0-9F3D-457C-B088-3A5042F75D52}") = "Boston_route_planning", "Boston_route_planning\Boston_route_planning.pyproj", "{13195A8E-A313-4216-98EB-21D41990F4E2}"
EndProject
Global
	GlobalSection(SolutionConfigurationPlatforms) = preSolution
		Debug|Any CPU = Debug|Any CPU
		Release|Any CPU = Release|Any CPU
	EndGlobalSection
	GlobalSection(ProjectConfigurationPlatforms) = postSolution
		{13195A8E-A313-4216-98EB-21D41990F4E2}.Debug|Any CPU.ActiveCfg = Debug|Any CPU
		{13195A8E-A313-4216-98EB-21D41990F4E2}.Release|Any CPU.ActiveCfg = Release|Any CPU
	EndGlobalSection
	GlobalSection(SolutionProperties) = preSolution
		HideSolutionNode = FALSE
	EndGlobalSection
	GlobalSection(ExtensibilityGlobals) = postSolution
		SolutionGuid = {9A5E49A6-0C75-488F-B758-39A451127881}
	EndGlobalSection
EndGlobal
